Microsoft Visual Studio Solution File, Format Version 8.00
Project("{8BC9CEB8-8B4A-11D0-8D11-00A0C91BC942}") = "fractint", "fractint.vcproj", "{63F5EF21-5682-4FB3-B6F4-EFB7D46F8A45}"
	ProjectSection(ProjectDependencies) = postProject
		{92025993-C759-4969-8093-3361B2DC4832} = {92025993-C759-4969-8093-3361B2DC4832}
	EndProjectSection
EndProject
Project("{8BC9CEB8-8B4A-11D0-8D11-00A0C91BC942}") = "hc", "dos_help\hc.vcproj", "{92025993-C759-4969-8093-3361B2DC4832}"
	ProjectSection(ProjectDependencies) = postProject
	EndProjectSection
EndProject
Global
	GlobalSection(SolutionConfiguration) = preSolution
		Debug = Debug
		Release = Release
	EndGlobalSection
	GlobalSection(ProjectConfiguration) = postSolution
		{63F5EF21-5682-4FB3-B6F4-EFB7D46F8A45}.Debug.ActiveCfg = Debug|Win32
		{63F5EF21-5682-4FB3-B6F4-EFB7D46F8A45}.Debug.Build.0 = Debug|Win32
		{63F5EF21-5682-4FB3-B6F4-EFB7D46F8A45}.Release.ActiveCfg = Release|Win32
		{63F5EF21-5682-4FB3-B6F4-EFB7D46F8A45}.Release.Build.0 = Release|Win32
		{92025993-C759-4969-8093-3361B2DC4832}.Debug.ActiveCfg = Debug|Win32
		{92025993-C759-4969-8093-3361B2DC4832}.Debug.Build.0 = Debug|Win32
		{92025993-C759-4969-8093-3361B2DC4832}.Release.ActiveCfg = Release|Win32
		{92025993-C759-4969-8093-3361B2DC4832}.Release.Build.0 = Release|Win32
	EndGlobalSection
	GlobalSection(ExtensibilityGlobals) = postSolution
	EndGlobalSection
	GlobalSection(ExtensibilityAddIns) = postSolution
	EndGlobalSection
EndGlobal
