Microsoft Visual Studio Solution File, Format Version 9.00
# Visual Studio 2005
Project("{8BC9CEB8-8B4A-11D0-8D11-00A0C91BC942}") = "id", "src\id.vcproj", "{63F5EF21-5682-4FB3-B6F4-EFB7D46F8A45}"
	ProjectSection(WebsiteProperties) = preProject
		Debug.AspNetCompiler.Debug = "True"
		Release.AspNetCompiler.Debug = "False"
	EndProjectSection
	ProjectSection(ProjectDependencies) = postProject
		{92025993-C759-4969-8093-3361B2DC4832} = {92025993-C759-4969-8093-3361B2DC4832}
	EndProjectSection
EndProject
Project("{8BC9CEB8-8B4A-11D0-8D11-00A0C91BC942}") = "unused", "src\unused.vcproj", "{110FB3C3-5D32-432C-B555-F22DD7283CA4}"
	ProjectSection(WebsiteProperties) = preProject
		Debug.AspNetCompiler.Debug = "True"
		Release.AspNetCompiler.Debug = "False"
	EndProjectSection
EndProject
Project("{2150E333-8FDC-42A3-9474-1A3956D46DE8}") = "Solution Items", "Solution Items", "{F76C3FBF-C241-422E-BE11-CA6593C5FB2B}"
	ProjectSection(WebsiteProperties) = preProject
		Debug.AspNetCompiler.Debug = "True"
		Release.AspNetCompiler.Debug = "False"
	EndProjectSection
EndProject
Project("{8BC9CEB8-8B4A-11D0-8D11-00A0C91BC942}") = "hc", "src\help\hc.vcproj", "{92025993-C759-4969-8093-3361B2DC4832}"
	ProjectSection(WebsiteProperties) = preProject
		Debug.AspNetCompiler.Debug = "True"
		Release.AspNetCompiler.Debug = "False"
	EndProjectSection
EndProject
Project("{8BC9CEB8-8B4A-11D0-8D11-00A0C91BC942}") = "wxId", "src\test\wxId\wxId\wxId.vcproj", "{D8D054AD-CE60-47E8-B3F9-440D48D26DB5}"
	ProjectSection(WebsiteProperties) = preProject
		Debug.AspNetCompiler.Debug = "True"
		Release.AspNetCompiler.Debug = "False"
	EndProjectSection
	ProjectSection(ProjectDependencies) = postProject
		{1596131D-AF51-4205-B27E-36198898F6C4} = {1596131D-AF51-4205-B27E-36198898F6C4}
	EndProjectSection
EndProject
Project("{8BC9CEB8-8B4A-11D0-8D11-00A0C91BC942}") = "wxIdTest", "src\test\wxId\wxIdTest\wxIdTest.vcproj", "{D9365C3F-9BFE-4156-9EE9-0B4363C0533E}"
	ProjectSection(WebsiteProperties) = preProject
		Debug.AspNetCompiler.Debug = "True"
		Release.AspNetCompiler.Debug = "False"
	EndProjectSection
	ProjectSection(ProjectDependencies) = postProject
		{1596131D-AF51-4205-B27E-36198898F6C4} = {1596131D-AF51-4205-B27E-36198898F6C4}
	EndProjectSection
EndProject
Project("{8BC9CEB8-8B4A-11D0-8D11-00A0C91BC942}") = "idTests", "src\test\idTests\idTests.vcproj", "{E6F1DE95-CA05-4C61-B6CA-2739F3845C42}"
	ProjectSection(WebsiteProperties) = preProject
		Debug.AspNetCompiler.Debug = "True"
		Release.AspNetCompiler.Debug = "False"
	EndProjectSection
	ProjectSection(ProjectDependencies) = postProject
		{63F5EF21-5682-4FB3-B6F4-EFB7D46F8A45} = {63F5EF21-5682-4FB3-B6F4-EFB7D46F8A45}
	EndProjectSection
EndProject
Project("{8BC9CEB8-8B4A-11D0-8D11-00A0C91BC942}") = "wxCGAWindowControl", "src\test\wxId\wxCGAWindowControl\wxCGAWindowControl.vcproj", "{1596131D-AF51-4205-B27E-36198898F6C4}"
	ProjectSection(WebsiteProperties) = preProject
		Debug.AspNetCompiler.Debug = "True"
		Release.AspNetCompiler.Debug = "False"
	EndProjectSection
EndProject
Global
	GlobalSection(SolutionConfigurationPlatforms) = preSolution
		Debug Boost|Win32 = Debug Boost|Win32
		Debug|Win32 = Debug|Win32
		Release|Win32 = Release|Win32
	EndGlobalSection
	GlobalSection(ProjectConfigurationPlatforms) = postSolution
		{63F5EF21-5682-4FB3-B6F4-EFB7D46F8A45}.Debug Boost|Win32.ActiveCfg = Debug Boost|Win32
		{63F5EF21-5682-4FB3-B6F4-EFB7D46F8A45}.Debug Boost|Win32.Build.0 = Debug Boost|Win32
		{63F5EF21-5682-4FB3-B6F4-EFB7D46F8A45}.Debug|Win32.ActiveCfg = Debug|Win32
		{63F5EF21-5682-4FB3-B6F4-EFB7D46F8A45}.Debug|Win32.Build.0 = Debug|Win32
		{63F5EF21-5682-4FB3-B6F4-EFB7D46F8A45}.Release|Win32.ActiveCfg = Release|Win32
		{63F5EF21-5682-4FB3-B6F4-EFB7D46F8A45}.Release|Win32.Build.0 = Release|Win32
		{110FB3C3-5D32-432C-B555-F22DD7283CA4}.Debug Boost|Win32.ActiveCfg = Debug Boost|Win32
		{110FB3C3-5D32-432C-B555-F22DD7283CA4}.Debug|Win32.ActiveCfg = Debug|Win32
		{110FB3C3-5D32-432C-B555-F22DD7283CA4}.Release|Win32.ActiveCfg = Release|Win32
		{92025993-C759-4969-8093-3361B2DC4832}.Debug Boost|Win32.ActiveCfg = Debug Boost|Win32
		{92025993-C759-4969-8093-3361B2DC4832}.Debug Boost|Win32.Build.0 = Debug Boost|Win32
		{92025993-C759-4969-8093-3361B2DC4832}.Debug|Win32.ActiveCfg = Debug|Win32
		{92025993-C759-4969-8093-3361B2DC4832}.Debug|Win32.Build.0 = Debug|Win32
		{92025993-C759-4969-8093-3361B2DC4832}.Release|Win32.ActiveCfg = Release|Win32
		{92025993-C759-4969-8093-3361B2DC4832}.Release|Win32.Build.0 = Release|Win32
		{D8D054AD-CE60-47E8-B3F9-440D48D26DB5}.Debug Boost|Win32.ActiveCfg = Debug|Win32
		{D8D054AD-CE60-47E8-B3F9-440D48D26DB5}.Debug Boost|Win32.Build.0 = Debug|Win32
		{D8D054AD-CE60-47E8-B3F9-440D48D26DB5}.Debug|Win32.ActiveCfg = Debug|Win32
		{D8D054AD-CE60-47E8-B3F9-440D48D26DB5}.Debug|Win32.Build.0 = Debug|Win32
		{D8D054AD-CE60-47E8-B3F9-440D48D26DB5}.Release|Win32.ActiveCfg = Release|Win32
		{D8D054AD-CE60-47E8-B3F9-440D48D26DB5}.Release|Win32.Build.0 = Release|Win32
		{D9365C3F-9BFE-4156-9EE9-0B4363C0533E}.Debug Boost|Win32.ActiveCfg = Debug|Win32
		{D9365C3F-9BFE-4156-9EE9-0B4363C0533E}.Debug Boost|Win32.Build.0 = Debug|Win32
		{D9365C3F-9BFE-4156-9EE9-0B4363C0533E}.Debug|Win32.ActiveCfg = Debug|Win32
		{D9365C3F-9BFE-4156-9EE9-0B4363C0533E}.Debug|Win32.Build.0 = Debug|Win32
		{D9365C3F-9BFE-4156-9EE9-0B4363C0533E}.Release|Win32.ActiveCfg = Release|Win32
		{D9365C3F-9BFE-4156-9EE9-0B4363C0533E}.Release|Win32.Build.0 = Release|Win32
		{E6F1DE95-CA05-4C61-B6CA-2739F3845C42}.Debug Boost|Win32.ActiveCfg = Debug|Win32
		{E6F1DE95-CA05-4C61-B6CA-2739F3845C42}.Debug Boost|Win32.Build.0 = Debug|Win32
		{E6F1DE95-CA05-4C61-B6CA-2739F3845C42}.Debug|Win32.ActiveCfg = Debug|Win32
		{E6F1DE95-CA05-4C61-B6CA-2739F3845C42}.Debug|Win32.Build.0 = Debug|Win32
		{E6F1DE95-CA05-4C61-B6CA-2739F3845C42}.Release|Win32.ActiveCfg = Release|Win32
		{E6F1DE95-CA05-4C61-B6CA-2739F3845C42}.Release|Win32.Build.0 = Release|Win32
		{1596131D-AF51-4205-B27E-36198898F6C4}.Debug Boost|Win32.ActiveCfg = Debug|Win32
		{1596131D-AF51-4205-B27E-36198898F6C4}.Debug Boost|Win32.Build.0 = Debug|Win32
		{1596131D-AF51-4205-B27E-36198898F6C4}.Debug|Win32.ActiveCfg = Debug|Win32
		{1596131D-AF51-4205-B27E-36198898F6C4}.Debug|Win32.Build.0 = Debug|Win32
		{1596131D-AF51-4205-B27E-36198898F6C4}.Release|Win32.ActiveCfg = Release|Win32
		{1596131D-AF51-4205-B27E-36198898F6C4}.Release|Win32.Build.0 = Release|Win32
	EndGlobalSection
	GlobalSection(SolutionProperties) = preSolution
		HideSolutionNode = FALSE
	EndGlobalSection
EndGlobal
